
Microsoft Visual Studio Solution File, Format Version 12.00
Project("{FAE04EC0-301F-11D3-BF4B-00C04F79EFBC}") = "DotnetCute", "DotnetCute\DotnetCute.csproj", "{A66F2991-4CC3-47F8-9F69-292C91D2E7C3}"
EndProject
Project("{FAE04EC0-301F-11D3-BF4B-00C04F79EFBC}") = "SampleApi", "SampleApi\SampleApi.csproj", "{006C987E-F090-436C-AB65-E6C44BD3A064}"
EndProject
Global
	GlobalSection(SolutionConfigurationPlatforms) = preSolution
		Debug|Any CPU = Debug|Any CPU
		Release|Any CPU = Release|Any CPU
	EndGlobalSection
	GlobalSection(ProjectConfigurationPlatforms) = postSolution
		{A66F2991-4CC3-47F8-9F69-292C91D2E7C3}.Debug|Any CPU.ActiveCfg = Debug|Any CPU
		{A66F2991-4CC3-47F8-9F69-292C91D2E7C3}.Debug|Any CPU.Build.0 = Debug|Any CPU
		{A66F2991-4CC3-47F8-9F69-292C91D2E7C3}.Release|Any CPU.ActiveCfg = Release|Any CPU
		{A66F2991-4CC3-47F8-9F69-292C91D2E7C3}.Release|Any CPU.Build.0 = Release|Any CPU
		{006C987E-F090-436C-AB65-E6C44BD3A064}.Debug|Any CPU.ActiveCfg = Debug|Any CPU
		{006C987E-F090-436C-AB65-E6C44BD3A064}.Debug|Any CPU.Build.0 = Debug|Any CPU
		{006C987E-F090-436C-AB65-E6C44BD3A064}.Release|Any CPU.ActiveCfg = Release|Any CPU
		{006C987E-F090-436C-AB65-E6C44BD3A064}.Release|Any CPU.Build.0 = Release|Any CPU
	EndGlobalSection
EndGlobal
